{
  "nodes": {
    "dots-src": {
      "flake": false,
      "locked": {
        "lastModified": 1756581049,
        "narHash": "sha256-pzmptuyRumRqeDv9Qch4OYFv0t6T+/g4FkFvSmn6yoA=",
        "owner": "shafti-code",
        "repo": "dots",
        "rev": "016ad032d9d00de1e98fb0fa08d3bc0a15788602",
        "type": "github"
      },
      "original": {
        "owner": "shafti-code",
        "repo": "dots",
        "type": "github"
      }
    },
    "home-manager": {
      "inputs": {
        "nixpkgs": [
          "nixpkgs"
        ]
      },
      "locked": {
        "lastModified": 1756579987,
        "narHash": "sha256-duCce8zGsaMsrqqOmLOsuaV1PVIw/vXWnKuLKZClsGg=",
        "owner": "nix-community",
        "repo": "home-manager",
        "rev": "99a69bdf8a3c6bf038c4121e9c4b6e99706a187a",
        "type": "github"
      },
      "original": {
        "owner": "nix-community",
        "repo": "home-manager",
        "type": "github"
      }
    },
    "nixpkgs": {
      "locked": {
        "lastModified": 1756543146,
        "narHash": "sha256-iFjXZwjYyqhmeGVLsxfxFWbSsXDIXSJUC6dyEkQFoHo=",
        "owner": "nixos",
        "repo": "nixpkgs",
        "rev": "9c9a90449133bfc2d19feff96c612c28e56d7edd",
        "type": "github"
      },
      "original": {
        "owner": "nixos",
        "ref": "nixpkgs-25.05-darwin",
        "repo": "nixpkgs",
        "type": "github"
      }
    },
    "root": {
      "inputs": {
        "dots-src": "dots-src",
        "home-manager": "home-manager",
        "nixpkgs": "nixpkgs"
      }
    }
  },
  "root": "root",
  "version": 7
}
